
Microsoft Visual Studio Solution File, Format Version 12.00
# Visual Studio 14
VisualStudioVersion = 14.0.25420.1
MinimumVisualStudioVersion = 10.0.40219.1
Project("{FAE04EC0-301F-11D3-BF4B-00C04F79EFBC}") = "ConsoleTestApp", "ConsoleTestApp\ConsoleTestApp.csproj", "{CF928BB0-827F-495A-B86C-814001553411}"
EndProject
Project("{FAE04EC0-301F-11D3-BF4B-00C04F79EFBC}") = "InfinityHelper", "InfinityHelper\InfinityHelper.csproj", "{2B8F7222-2C69-4466-915A-2346A382062A}"
EndProject
Project("{FAE04EC0-301F-11D3-BF4B-00C04F79EFBC}") = "GameHelper", "GameHelper\GameHelper.csproj", "{04F6388D-385D-4B3F-A968-403689DBC2A0}"
EndProject
Global
	GlobalSection(SolutionConfigurationPlatforms) = preSolution
		Debug|Any CPU = Debug|Any CPU
		Release|Any CPU = Release|Any CPU
	EndGlobalSection
	GlobalSection(ProjectConfigurationPlatforms) = postSolution
		{CF928BB0-827F-495A-B86C-814001553411}.Debug|Any CPU.ActiveCfg = Debug|Any CPU
		{CF928BB0-827F-495A-B86C-814001553411}.Debug|Any CPU.Build.0 = Debug|Any CPU
		{CF928BB0-827F-495A-B86C-814001553411}.Release|Any CPU.ActiveCfg = Release|Any CPU
		{CF928BB0-827F-495A-B86C-814001553411}.Release|Any CPU.Build.0 = Release|Any CPU
		{2B8F7222-2C69-4466-915A-2346A382062A}.Debug|Any CPU.ActiveCfg = Debug|Any CPU
		{2B8F7222-2C69-4466-915A-2346A382062A}.Debug|Any CPU.Build.0 = Debug|Any CPU
		{2B8F7222-2C69-4466-915A-2346A382062A}.Release|Any CPU.ActiveCfg = Release|Any CPU
		{2B8F7222-2C69-4466-915A-2346A382062A}.Release|Any CPU.Build.0 = Release|Any CPU
		{04F6388D-385D-4B3F-A968-403689DBC2A0}.Debug|Any CPU.ActiveCfg = Debug|Any CPU
		{04F6388D-385D-4B3F-A968-403689DBC2A0}.Debug|Any CPU.Build.0 = Debug|Any CPU
		{04F6388D-385D-4B3F-A968-403689DBC2A0}.Release|Any CPU.ActiveCfg = Release|Any CPU
		{04F6388D-385D-4B3F-A968-403689DBC2A0}.Release|Any CPU.Build.0 = Release|Any CPU
	EndGlobalSection
	GlobalSection(SolutionProperties) = preSolution
		HideSolutionNode = FALSE
	EndGlobalSection
EndGlobal
